// !$*UTF8*$!
{
	archiveVersion = 1;
	classes = {
	};
	objectVersion = 56;
	objects = {

/* Begin PBXBuildFile section */
		4FC8A8E92AEF3CE000729E2B /* singleComment.swift in Sources */ = {isa = PBXBuildFile; fileRef = 4FC8A8E32AEF3CE000729E2B /* singleComment.swift */; };
		4FC8A8EA2AEF3CE000729E2B /* singleImage.swift in Sources */ = {isa = PBXBuildFile; fileRef = 4FC8A8E42AEF3CE000729E2B /* singleImage.swift */; };
		4FC8A8EB2AEF3CE000729E2B /* newComment.swift in Sources */ = {isa = PBXBuildFile; fileRef = 4FC8A8E52AEF3CE000729E2B /* newComment.swift */; };
		4FC8A8EC2AEF3CE000729E2B /* commentList.swift in Sources */ = {isa = PBXBuildFile; fileRef = 4FC8A8E62AEF3CE000729E2B /* commentList.swift */; };
		4FC8A8ED2AEF3CE000729E2B /* EventDetail.swift in Sources */ = {isa = PBXBuildFile; fileRef = 4FC8A8E72AEF3CE000729E2B /* EventDetail.swift */; };
		4FC8A8F32AEF3F9900729E2B /* utility.swift in Sources */ = {isa = PBXBuildFile; fileRef = 4FC8A8F02AEF3E8300729E2B /* utility.swift */; };
		4FC8A8F52AEF458F00729E2B /* eventEdit.swift in Sources */ = {isa = PBXBuildFile; fileRef = 4FC8A8F42AEF458F00729E2B /* eventEdit.swift */; };
		4FC8A8FB2AF2EEED00729E2B /* Ticket.swift in Sources */ = {isa = PBXBuildFile; fileRef = 4FC8A8FA2AF2EEED00729E2B /* Ticket.swift */; };
		4FC8A8FF2AF308D800729E2B /* eventEditView.swift in Sources */ = {isa = PBXBuildFile; fileRef = 4FC8A8FE2AF308D800729E2B /* eventEditView.swift */; };
		9C0DD4082AF945D5004916DB /* DataModel.swift in Sources */ = {isa = PBXBuildFile; fileRef = 9C0DD4072AF945D5004916DB /* DataModel.swift */; };
		9C0DD40A2AF94606004916DB /* EventRowView.swift in Sources */ = {isa = PBXBuildFile; fileRef = 9C0DD4092AF94606004916DB /* EventRowView.swift */; };
		9C0DD40C2AF97B0A004916DB /* MainPageView.swift in Sources */ = {isa = PBXBuildFile; fileRef = 9C0DD40B2AF97B0A004916DB /* MainPageView.swift */; };
		9C5FD78B2AED8C5800431842 /* DukeEventCalendarApp.swift in Sources */ = {isa = PBXBuildFile; fileRef = 9C5FD78A2AED8C5800431842 /* DukeEventCalendarApp.swift */; };
		9C5FD78D2AED8C5800431842 /* ContentView.swift in Sources */ = {isa = PBXBuildFile; fileRef = 9C5FD78C2AED8C5800431842 /* ContentView.swift */; };
		9C5FD78F2AED8C5A00431842 /* Assets.xcassets in Resources */ = {isa = PBXBuildFile; fileRef = 9C5FD78E2AED8C5A00431842 /* Assets.xcassets */; };
		9C5FD7922AED8C5A00431842 /* Preview Assets.xcassets in Resources */ = {isa = PBXBuildFile; fileRef = 9C5FD7912AED8C5A00431842 /* Preview Assets.xcassets */; };
		9C93EEB32AF99BB4005A43AE /* FilterPageView.swift in Sources */ = {isa = PBXBuildFile; fileRef = 9C93EEB22AF99BB4005A43AE /* FilterPageView.swift */; };
		9C93EEB72AF9D86A005A43AE /* sample_5.json in Resources */ = {isa = PBXBuildFile; fileRef = 9C93EEB62AF9D86A005A43AE /* sample_5.json */; };
		9CAA0FB92AEEBA6C00BD1FEA /* Event.swift in Sources */ = {isa = PBXBuildFile; fileRef = 9CAA0FB82AEEBA6C00BD1FEA /* Event.swift */; };
		9CAA0FC32AEEEC0F00BD1FEA /* DukeEventCalendarTests.swift in Sources */ = {isa = PBXBuildFile; fileRef = 9CAA0FC22AEEEC0F00BD1FEA /* DukeEventCalendarTests.swift */; };
		9CAA0FC92AEEECA600BD1FEA /* sample_90.json in Resources */ = {isa = PBXBuildFile; fileRef = 9CAA0FBA2AEEEA6200BD1FEA /* sample_90.json */; };
		9CAA0FCA2AEEFB4300BD1FEA /* sample_5.json in Resources */ = {isa = PBXBuildFile; fileRef = 9CAA0FB62AEEB9FA00BD1FEA /* sample_5.json */; };
		B61424E92AF3D68C0068D096 /* Utilities.swift in Sources */ = {isa = PBXBuildFile; fileRef = B61424E82AF3D68C0068D096 /* Utilities.swift */; };
		B61424EC2AFA659D0068D096 /* SwiftSoup in Frameworks */ = {isa = PBXBuildFile; productRef = B61424EB2AFA659D0068D096 /* SwiftSoup */; };
		B61424EE2AFA70250068D096 /* WebPageLoader.swift in Sources */ = {isa = PBXBuildFile; fileRef = B61424ED2AFA70250068D096 /* WebPageLoader.swift */; };
/* End PBXBuildFile section */

/* Begin PBXContainerItemProxy section */
		9CAA0FC42AEEEC0F00BD1FEA /* PBXContainerItemProxy */ = {
			isa = PBXContainerItemProxy;
			containerPortal = 9C5FD77F2AED8C5800431842 /* Project object */;
			proxyType = 1;
			remoteGlobalIDString = 9C5FD7862AED8C5800431842;
			remoteInfo = DukeEventCalendar;
		};
/* End PBXContainerItemProxy section */

/* Begin PBXFileReference section */
		4FC8A8E32AEF3CE000729E2B /* singleComment.swift */ = {isa = PBXFileReference; fileEncoding = 4; lastKnownFileType = sourcecode.swift; path = singleComment.swift; sourceTree = "<group>"; };
		4FC8A8E42AEF3CE000729E2B /* singleImage.swift */ = {isa = PBXFileReference; fileEncoding = 4; lastKnownFileType = sourcecode.swift; path = singleImage.swift; sourceTree = "<group>"; };
		4FC8A8E52AEF3CE000729E2B /* newComment.swift */ = {isa = PBXFileReference; fileEncoding = 4; lastKnownFileType = sourcecode.swift; path = newComment.swift; sourceTree = "<group>"; };
		4FC8A8E62AEF3CE000729E2B /* commentList.swift */ = {isa = PBXFileReference; fileEncoding = 4; lastKnownFileType = sourcecode.swift; path = commentList.swift; sourceTree = "<group>"; };
		4FC8A8E72AEF3CE000729E2B /* EventDetail.swift */ = {isa = PBXFileReference; fileEncoding = 4; lastKnownFileType = sourcecode.swift; path = EventDetail.swift; sourceTree = "<group>"; };
		4FC8A8F02AEF3E8300729E2B /* utility.swift */ = {isa = PBXFileReference; lastKnownFileType = sourcecode.swift; path = utility.swift; sourceTree = "<group>"; };
		4FC8A8F42AEF458F00729E2B /* eventEdit.swift */ = {isa = PBXFileReference; lastKnownFileType = sourcecode.swift; path = eventEdit.swift; sourceTree = "<group>"; };
		4FC8A8FA2AF2EEED00729E2B /* Ticket.swift */ = {isa = PBXFileReference; lastKnownFileType = sourcecode.swift; path = Ticket.swift; sourceTree = "<group>"; };
		4FC8A8FE2AF308D800729E2B /* eventEditView.swift */ = {isa = PBXFileReference; lastKnownFileType = sourcecode.swift; path = eventEditView.swift; sourceTree = "<group>"; };
		9C0DD4072AF945D5004916DB /* DataModel.swift */ = {isa = PBXFileReference; fileEncoding = 4; lastKnownFileType = sourcecode.swift; path = DataModel.swift; sourceTree = "<group>"; };
		9C0DD4092AF94606004916DB /* EventRowView.swift */ = {isa = PBXFileReference; fileEncoding = 4; lastKnownFileType = sourcecode.swift; path = EventRowView.swift; sourceTree = "<group>"; };
		9C0DD40B2AF97B0A004916DB /* MainPageView.swift */ = {isa = PBXFileReference; lastKnownFileType = sourcecode.swift; path = MainPageView.swift; sourceTree = "<group>"; };
		9C5FD7872AED8C5800431842 /* DukeEventCalendar.app */ = {isa = PBXFileReference; explicitFileType = wrapper.application; includeInIndex = 0; path = DukeEventCalendar.app; sourceTree = BUILT_PRODUCTS_DIR; };
		9C5FD78A2AED8C5800431842 /* DukeEventCalendarApp.swift */ = {isa = PBXFileReference; lastKnownFileType = sourcecode.swift; path = DukeEventCalendarApp.swift; sourceTree = "<group>"; };
		9C5FD78C2AED8C5800431842 /* ContentView.swift */ = {isa = PBXFileReference; lastKnownFileType = sourcecode.swift; path = ContentView.swift; sourceTree = "<group>"; };
		9C5FD78E2AED8C5A00431842 /* Assets.xcassets */ = {isa = PBXFileReference; lastKnownFileType = folder.assetcatalog; path = Assets.xcassets; sourceTree = "<group>"; };
		9C5FD7912AED8C5A00431842 /* Preview Assets.xcassets */ = {isa = PBXFileReference; lastKnownFileType = folder.assetcatalog; path = "Preview Assets.xcassets"; sourceTree = "<group>"; };
		9C93EEB22AF99BB4005A43AE /* FilterPageView.swift */ = {isa = PBXFileReference; lastKnownFileType = sourcecode.swift; path = FilterPageView.swift; sourceTree = "<group>"; };
		9C93EEB62AF9D86A005A43AE /* sample_5.json */ = {isa = PBXFileReference; fileEncoding = 4; lastKnownFileType = text.json; path = sample_5.json; sourceTree = "<group>"; };
		9CAA0FB82AEEBA6C00BD1FEA /* Event.swift */ = {isa = PBXFileReference; lastKnownFileType = sourcecode.swift; path = Event.swift; sourceTree = "<group>"; };
		9CAA0FBA2AEEEA6200BD1FEA /* sample_90.json */ = {isa = PBXFileReference; fileEncoding = 4; lastKnownFileType = text.json; path = sample_90.json; sourceTree = "<group>"; };
		9CAA0FC02AEEEC0F00BD1FEA /* DukeEventCalendarTests.xctest */ = {isa = PBXFileReference; explicitFileType = wrapper.cfbundle; includeInIndex = 0; path = DukeEventCalendarTests.xctest; sourceTree = BUILT_PRODUCTS_DIR; };
		9CAA0FC22AEEEC0F00BD1FEA /* DukeEventCalendarTests.swift */ = {isa = PBXFileReference; lastKnownFileType = sourcecode.swift; path = DukeEventCalendarTests.swift; sourceTree = "<group>"; };
		B61424E82AF3D68C0068D096 /* Utilities.swift */ = {isa = PBXFileReference; lastKnownFileType = sourcecode.swift; path = Utilities.swift; sourceTree = "<group>"; };
		B61424ED2AFA70250068D096 /* WebPageLoader.swift */ = {isa = PBXFileReference; lastKnownFileType = sourcecode.swift; path = WebPageLoader.swift; sourceTree = "<group>"; };
/* End PBXFileReference section */

/* Begin PBXFrameworksBuildPhase section */
		9C5FD7842AED8C5800431842 /* Frameworks */ = {
			isa = PBXFrameworksBuildPhase;
			buildActionMask = 2147483647;
			files = (
				B61424EC2AFA659D0068D096 /* SwiftSoup in Frameworks */,
			);
			runOnlyForDeploymentPostprocessing = 0;
		};
		9CAA0FBD2AEEEC0F00BD1FEA /* Frameworks */ = {
			isa = PBXFrameworksBuildPhase;
			buildActionMask = 2147483647;
			files = (
			);
			runOnlyForDeploymentPostprocessing = 0;
		};
/* End PBXFrameworksBuildPhase section */

/* Begin PBXGroup section */
		4FC8A8E12AEF3CE000729E2B /* eventDetail */ = {
			isa = PBXGroup;
			children = (
				4FC8A8E32AEF3CE000729E2B /* singleComment.swift */,
				4FC8A8E42AEF3CE000729E2B /* singleImage.swift */,
				4FC8A8E52AEF3CE000729E2B /* newComment.swift */,
				4FC8A8E62AEF3CE000729E2B /* commentList.swift */,
				4FC8A8E72AEF3CE000729E2B /* EventDetail.swift */,
				4FC8A8FE2AF308D800729E2B /* eventEditView.swift */,
				4FC8A8FA2AF2EEED00729E2B /* Ticket.swift */,
				4FC8A8F42AEF458F00729E2B /* eventEdit.swift */,
			);
			path = eventDetail;
			sourceTree = "<group>";
		};
		9C5FD77E2AED8C5800431842 = {
			isa = PBXGroup;
			children = (
				9C5FD7892AED8C5800431842 /* DukeEventCalendar */,
				9CAA0FC12AEEEC0F00BD1FEA /* DukeEventCalendarTests */,
				9C5FD7882AED8C5800431842 /* Products */,
			);
			sourceTree = "<group>";
		};
		9C5FD7882AED8C5800431842 /* Products */ = {
			isa = PBXGroup;
			children = (
				9C5FD7872AED8C5800431842 /* DukeEventCalendar.app */,
				9CAA0FC02AEEEC0F00BD1FEA /* DukeEventCalendarTests.xctest */,
			);
			name = Products;
			sourceTree = "<group>";
		};
		9C5FD7892AED8C5800431842 /* DukeEventCalendar */ = {
			isa = PBXGroup;
			children = (
				4FC8A8F02AEF3E8300729E2B /* utility.swift */,
				9C93EEB62AF9D86A005A43AE /* sample_5.json */,
				9C5FD78A2AED8C5800431842 /* DukeEventCalendarApp.swift */,
				9C5FD7992AED8D6B00431842 /* View */,
				9C5FD7982AED8D6200431842 /* Model */,
				9C5FD78E2AED8C5A00431842 /* Assets.xcassets */,
				9C5FD7902AED8C5A00431842 /* Preview Content */,
			);
			path = DukeEventCalendar;
			sourceTree = "<group>";
		};
		9C5FD7902AED8C5A00431842 /* Preview Content */ = {
			isa = PBXGroup;
			children = (
				9C5FD7912AED8C5A00431842 /* Preview Assets.xcassets */,
			);
			path = "Preview Content";
			sourceTree = "<group>";
		};
		9C5FD7982AED8D6200431842 /* Model */ = {
			isa = PBXGroup;
			children = (
				9C0DD4072AF945D5004916DB /* DataModel.swift */,
				9CAA0FB82AEEBA6C00BD1FEA /* Event.swift */,
			);
			path = Model;
			sourceTree = "<group>";
		};
		9C5FD7992AED8D6B00431842 /* View */ = {
			isa = PBXGroup;
			children = (
				9C5FD78C2AED8C5800431842 /* ContentView.swift */,
				9C0DD40B2AF97B0A004916DB /* MainPageView.swift */,
				9C0DD4092AF94606004916DB /* EventRowView.swift */,
				9C93EEB22AF99BB4005A43AE /* FilterPageView.swift */,
				4FC8A8E12AEF3CE000729E2B /* eventDetail */,
			);
			path = View;
			sourceTree = "<group>";
		};
		9CAA0FC12AEEEC0F00BD1FEA /* DukeEventCalendarTests */ = {
			isa = PBXGroup;
			children = (
				9CAA0FC22AEEEC0F00BD1FEA /* DukeEventCalendarTests.swift */,
				9CAA0FBA2AEEEA6200BD1FEA /* sample_90.json */,
			);
			path = DukeEventCalendarTests;
			sourceTree = "<group>";
		};
		B61424E72AF3D6510068D096 /* Utilities */ = {
			isa = PBXGroup;
			children = (
				B61424E82AF3D68C0068D096 /* Utilities.swift */,
				B61424ED2AFA70250068D096 /* WebPageLoader.swift */,
			);
			path = Utilities;
			sourceTree = "<group>";
		};
/* End PBXGroup section */

/* Begin PBXNativeTarget section */
		9C5FD7862AED8C5800431842 /* DukeEventCalendar */ = {
			isa = PBXNativeTarget;
			buildConfigurationList = 9C5FD7952AED8C5A00431842 /* Build configuration list for PBXNativeTarget "DukeEventCalendar" */;
			buildPhases = (
				9C5FD7832AED8C5800431842 /* Sources */,
				9C5FD7842AED8C5800431842 /* Frameworks */,
				9C5FD7852AED8C5800431842 /* Resources */,
			);
			buildRules = (
			);
			dependencies = (
			);
			name = DukeEventCalendar;
			packageProductDependencies = (
				B61424EB2AFA659D0068D096 /* SwiftSoup */,
			);
			productName = DukeEventCalendar;
			productReference = 9C5FD7872AED8C5800431842 /* DukeEventCalendar.app */;
			productType = "com.apple.product-type.application";
		};
		9CAA0FBF2AEEEC0F00BD1FEA /* DukeEventCalendarTests */ = {
			isa = PBXNativeTarget;
			buildConfigurationList = 9CAA0FC62AEEEC0F00BD1FEA /* Build configuration list for PBXNativeTarget "DukeEventCalendarTests" */;
			buildPhases = (
				9CAA0FBC2AEEEC0F00BD1FEA /* Sources */,
				9CAA0FBD2AEEEC0F00BD1FEA /* Frameworks */,
				9CAA0FBE2AEEEC0F00BD1FEA /* Resources */,
			);
			buildRules = (
			);
			dependencies = (
				9CAA0FC52AEEEC0F00BD1FEA /* PBXTargetDependency */,
			);
			name = DukeEventCalendarTests;
			productName = DukeEventCalendarTests;
			productReference = 9CAA0FC02AEEEC0F00BD1FEA /* DukeEventCalendarTests.xctest */;
			productType = "com.apple.product-type.bundle.unit-test";
		};
/* End PBXNativeTarget section */

/* Begin PBXProject section */
		9C5FD77F2AED8C5800431842 /* Project object */ = {
			isa = PBXProject;
			attributes = {
				BuildIndependentTargetsInParallel = 1;
				LastSwiftUpdateCheck = 1500;
				LastUpgradeCheck = 1500;
				TargetAttributes = {
					9C5FD7862AED8C5800431842 = {
						CreatedOnToolsVersion = 15.0.1;
					};
					9CAA0FBF2AEEEC0F00BD1FEA = {
						CreatedOnToolsVersion = 15.0.1;
						TestTargetID = 9C5FD7862AED8C5800431842;
					};
				};
			};
			buildConfigurationList = 9C5FD7822AED8C5800431842 /* Build configuration list for PBXProject "DukeEventCalendar" */;
			compatibilityVersion = "Xcode 14.0";
			developmentRegion = en;
			hasScannedForEncodings = 0;
			knownRegions = (
				en,
				Base,
			);
			mainGroup = 9C5FD77E2AED8C5800431842;
			packageReferences = (
				B61424EA2AFA659D0068D096 /* XCRemoteSwiftPackageReference "SwiftSoup" */,
			);
			productRefGroup = 9C5FD7882AED8C5800431842 /* Products */;
			projectDirPath = "";
			projectRoot = "";
			targets = (
				9C5FD7862AED8C5800431842 /* DukeEventCalendar */,
				9CAA0FBF2AEEEC0F00BD1FEA /* DukeEventCalendarTests */,
			);
		};
/* End PBXProject section */

/* Begin PBXResourcesBuildPhase section */
		9C5FD7852AED8C5800431842 /* Resources */ = {
			isa = PBXResourcesBuildPhase;
			buildActionMask = 2147483647;
			files = (
				9C93EEB72AF9D86A005A43AE /* sample_5.json in Resources */,
				9C5FD7922AED8C5A00431842 /* Preview Assets.xcassets in Resources */,
				9C5FD78F2AED8C5A00431842 /* Assets.xcassets in Resources */,
			);
			runOnlyForDeploymentPostprocessing = 0;
		};
		9CAA0FBE2AEEEC0F00BD1FEA /* Resources */ = {
			isa = PBXResourcesBuildPhase;
			buildActionMask = 2147483647;
			files = (
				9CAA0FC92AEEECA600BD1FEA /* sample_90.json in Resources */,
			);
			runOnlyForDeploymentPostprocessing = 0;
		};
/* End PBXResourcesBuildPhase section */

/* Begin PBXSourcesBuildPhase section */
		9C5FD7832AED8C5800431842 /* Sources */ = {
			isa = PBXSourcesBuildPhase;
			buildActionMask = 2147483647;
			files = (
				9C5FD78D2AED8C5800431842 /* ContentView.swift in Sources */,
				4FC8A8EB2AEF3CE000729E2B /* newComment.swift in Sources */,
				9C0DD40C2AF97B0A004916DB /* MainPageView.swift in Sources */,
				9CAA0FB92AEEBA6C00BD1FEA /* Event.swift in Sources */,
				4FC8A8ED2AEF3CE000729E2B /* EventDetail.swift in Sources */,
				4FC8A8F52AEF458F00729E2B /* eventEdit.swift in Sources */,
				4FC8A8EC2AEF3CE000729E2B /* commentList.swift in Sources */,
				9C0DD4082AF945D5004916DB /* DataModel.swift in Sources */,
				4FC8A8FB2AF2EEED00729E2B /* Ticket.swift in Sources */,
				9C0DD40A2AF94606004916DB /* EventRowView.swift in Sources */,
				4FC8A8FF2AF308D800729E2B /* eventEditView.swift in Sources */,
				4FC8A8E92AEF3CE000729E2B /* singleComment.swift in Sources */,
				4FC8A8F32AEF3F9900729E2B /* utility.swift in Sources */,
				9C93EEB32AF99BB4005A43AE /* FilterPageView.swift in Sources */,
				9C5FD78B2AED8C5800431842 /* DukeEventCalendarApp.swift in Sources */,
				B61424EE2AFA70250068D096 /* WebPageLoader.swift in Sources */,
				B61424E92AF3D68C0068D096 /* Utilities.swift in Sources */,
			);
			runOnlyForDeploymentPostprocessing = 0;
		};
		9CAA0FBC2AEEEC0F00BD1FEA /* Sources */ = {
			isa = PBXSourcesBuildPhase;
			buildActionMask = 2147483647;
			files = (
				9CAA0FC32AEEEC0F00BD1FEA /* DukeEventCalendarTests.swift in Sources */,
			);
			runOnlyForDeploymentPostprocessing = 0;
		};
/* End PBXSourcesBuildPhase section */

/* Begin PBXTargetDependency section */
		9CAA0FC52AEEEC0F00BD1FEA /* PBXTargetDependency */ = {
			isa = PBXTargetDependency;
			target = 9C5FD7862AED8C5800431842 /* DukeEventCalendar */;
			targetProxy = 9CAA0FC42AEEEC0F00BD1FEA /* PBXContainerItemProxy */;
		};
/* End PBXTargetDependency section */

/* Begin XCBuildConfiguration section */
		9C5FD7932AED8C5A00431842 /* Debug */ = {
			isa = XCBuildConfiguration;
			buildSettings = {
				ALWAYS_SEARCH_USER_PATHS = NO;
				ASSETCATALOG_COMPILER_GENERATE_SWIFT_ASSET_SYMBOL_EXTENSIONS = YES;
				CLANG_ANALYZER_NONNULL = YES;
				CLANG_ANALYZER_NUMBER_OBJECT_CONVERSION = YES_AGGRESSIVE;
				CLANG_CXX_LANGUAGE_STANDARD = "gnu++20";
				CLANG_ENABLE_MODULES = YES;
				CLANG_ENABLE_OBJC_ARC = YES;
				CLANG_ENABLE_OBJC_WEAK = YES;
				CLANG_WARN_BLOCK_CAPTURE_AUTORELEASING = YES;
				CLANG_WARN_BOOL_CONVERSION = YES;
				CLANG_WARN_COMMA = YES;
				CLANG_WARN_CONSTANT_CONVERSION = YES;
				CLANG_WARN_DEPRECATED_OBJC_IMPLEMENTATIONS = YES;
				CLANG_WARN_DIRECT_OBJC_ISA_USAGE = YES_ERROR;
				CLANG_WARN_DOCUMENTATION_COMMENTS = YES;
				CLANG_WARN_EMPTY_BODY = YES;
				CLANG_WARN_ENUM_CONVERSION = YES;
				CLANG_WARN_INFINITE_RECURSION = YES;
				CLANG_WARN_INT_CONVERSION = YES;
				CLANG_WARN_NON_LITERAL_NULL_CONVERSION = YES;
				CLANG_WARN_OBJC_IMPLICIT_RETAIN_SELF = YES;
				CLANG_WARN_OBJC_LITERAL_CONVERSION = YES;
				CLANG_WARN_OBJC_ROOT_CLASS = YES_ERROR;
				CLANG_WARN_QUOTED_INCLUDE_IN_FRAMEWORK_HEADER = YES;
				CLANG_WARN_RANGE_LOOP_ANALYSIS = YES;
				CLANG_WARN_STRICT_PROTOTYPES = YES;
				CLANG_WARN_SUSPICIOUS_MOVE = YES;
				CLANG_WARN_UNGUARDED_AVAILABILITY = YES_AGGRESSIVE;
				CLANG_WARN_UNREACHABLE_CODE = YES;
				CLANG_WARN__DUPLICATE_METHOD_MATCH = YES;
				COPY_PHASE_STRIP = NO;
				DEBUG_INFORMATION_FORMAT = dwarf;
				ENABLE_STRICT_OBJC_MSGSEND = YES;
				ENABLE_TESTABILITY = YES;
				ENABLE_USER_SCRIPT_SANDBOXING = YES;
				GCC_C_LANGUAGE_STANDARD = gnu17;
				GCC_DYNAMIC_NO_PIC = NO;
				GCC_NO_COMMON_BLOCKS = YES;
				GCC_OPTIMIZATION_LEVEL = 0;
				GCC_PREPROCESSOR_DEFINITIONS = (
					"DEBUG=1",
					"$(inherited)",
				);
				GCC_WARN_64_TO_32_BIT_CONVERSION = YES;
				GCC_WARN_ABOUT_RETURN_TYPE = YES_ERROR;
				GCC_WARN_UNDECLARED_SELECTOR = YES;
				GCC_WARN_UNINITIALIZED_AUTOS = YES_AGGRESSIVE;
				GCC_WARN_UNUSED_FUNCTION = YES;
				GCC_WARN_UNUSED_VARIABLE = YES;
				IPHONEOS_DEPLOYMENT_TARGET = 17.0;
				LOCALIZATION_PREFERS_STRING_CATALOGS = YES;
				MTL_ENABLE_DEBUG_INFO = INCLUDE_SOURCE;
				MTL_FAST_MATH = YES;
				ONLY_ACTIVE_ARCH = YES;
				SDKROOT = iphoneos;
				SWIFT_ACTIVE_COMPILATION_CONDITIONS = "DEBUG $(inherited)";
				SWIFT_OPTIMIZATION_LEVEL = "-Onone";
			};
			name = Debug;
		};
		9C5FD7942AED8C5A00431842 /* Release */ = {
			isa = XCBuildConfiguration;
			buildSettings = {
				ALWAYS_SEARCH_USER_PATHS = NO;
				ASSETCATALOG_COMPILER_GENERATE_SWIFT_ASSET_SYMBOL_EXTENSIONS = YES;
				CLANG_ANALYZER_NONNULL = YES;
				CLANG_ANALYZER_NUMBER_OBJECT_CONVERSION = YES_AGGRESSIVE;
				CLANG_CXX_LANGUAGE_STANDARD = "gnu++20";
				CLANG_ENABLE_MODULES = YES;
				CLANG_ENABLE_OBJC_ARC = YES;
				CLANG_ENABLE_OBJC_WEAK = YES;
				CLANG_WARN_BLOCK_CAPTURE_AUTORELEASING = YES;
				CLANG_WARN_BOOL_CONVERSION = YES;
				CLANG_WARN_COMMA = YES;
				CLANG_WARN_CONSTANT_CONVERSION = YES;
				CLANG_WARN_DEPRECATED_OBJC_IMPLEMENTATIONS = YES;
				CLANG_WARN_DIRECT_OBJC_ISA_USAGE = YES_ERROR;
				CLANG_WARN_DOCUMENTATION_COMMENTS = YES;
				CLANG_WARN_EMPTY_BODY = YES;
				CLANG_WARN_ENUM_CONVERSION = YES;
				CLANG_WARN_INFINITE_RECURSION = YES;
				CLANG_WARN_INT_CONVERSION = YES;
				CLANG_WARN_NON_LITERAL_NULL_CONVERSION = YES;
				CLANG_WARN_OBJC_IMPLICIT_RETAIN_SELF = YES;
				CLANG_WARN_OBJC_LITERAL_CONVERSION = YES;
				CLANG_WARN_OBJC_ROOT_CLASS = YES_ERROR;
				CLANG_WARN_QUOTED_INCLUDE_IN_FRAMEWORK_HEADER = YES;
				CLANG_WARN_RANGE_LOOP_ANALYSIS = YES;
				CLANG_WARN_STRICT_PROTOTYPES = YES;
				CLANG_WARN_SUSPICIOUS_MOVE = YES;
				CLANG_WARN_UNGUARDED_AVAILABILITY = YES_AGGRESSIVE;
				CLANG_WARN_UNREACHABLE_CODE = YES;
				CLANG_WARN__DUPLICATE_METHOD_MATCH = YES;
				COPY_PHASE_STRIP = NO;
				DEBUG_INFORMATION_FORMAT = "dwarf-with-dsym";
				ENABLE_NS_ASSERTIONS = NO;
				ENABLE_STRICT_OBJC_MSGSEND = YES;
				ENABLE_USER_SCRIPT_SANDBOXING = YES;
				GCC_C_LANGUAGE_STANDARD = gnu17;
				GCC_NO_COMMON_BLOCKS = YES;
				GCC_WARN_64_TO_32_BIT_CONVERSION = YES;
				GCC_WARN_ABOUT_RETURN_TYPE = YES_ERROR;
				GCC_WARN_UNDECLARED_SELECTOR = YES;
				GCC_WARN_UNINITIALIZED_AUTOS = YES_AGGRESSIVE;
				GCC_WARN_UNUSED_FUNCTION = YES;
				GCC_WARN_UNUSED_VARIABLE = YES;
				IPHONEOS_DEPLOYMENT_TARGET = 17.0;
				LOCALIZATION_PREFERS_STRING_CATALOGS = YES;
				MTL_ENABLE_DEBUG_INFO = NO;
				MTL_FAST_MATH = YES;
				SDKROOT = iphoneos;
				SWIFT_COMPILATION_MODE = wholemodule;
				VALIDATE_PRODUCT = YES;
			};
			name = Release;
		};
		9C5FD7962AED8C5A00431842 /* Debug */ = {
			isa = XCBuildConfiguration;
			buildSettings = {
				ASSETCATALOG_COMPILER_APPICON_NAME = AppIcon;
				ASSETCATALOG_COMPILER_GLOBAL_ACCENT_COLOR_NAME = AccentColor;
				CODE_SIGN_STYLE = Automatic;
				CURRENT_PROJECT_VERSION = 1;
				DEVELOPMENT_ASSET_PATHS = "\"DukeEventCalendar/Preview Content\"";
				ENABLE_PREVIEWS = YES;
				GENERATE_INFOPLIST_FILE = YES;
				INFOPLIST_KEY_NSCalendarsUsageDescription = "";
				INFOPLIST_KEY_UIApplicationSceneManifest_Generation = YES;
				INFOPLIST_KEY_UIApplicationSupportsIndirectInputEvents = YES;
				INFOPLIST_KEY_UILaunchScreen_Generation = YES;
				INFOPLIST_KEY_UISupportedInterfaceOrientations_iPad = "UIInterfaceOrientationPortrait UIInterfaceOrientationPortraitUpsideDown UIInterfaceOrientationLandscapeLeft UIInterfaceOrientationLandscapeRight";
				INFOPLIST_KEY_UISupportedInterfaceOrientations_iPhone = "UIInterfaceOrientationPortrait UIInterfaceOrientationLandscapeLeft UIInterfaceOrientationLandscapeRight";
				LD_RUNPATH_SEARCH_PATHS = (
					"$(inherited)",
					"@executable_path/Frameworks",
				);
				MARKETING_VERSION = 1.0;
				PRODUCT_BUNDLE_IDENTIFIER = edu.duke.newbee.DukeEventCalendar;
				PRODUCT_NAME = "$(TARGET_NAME)";
				SWIFT_EMIT_LOC_STRINGS = YES;
				SWIFT_VERSION = 5.0;
				TARGETED_DEVICE_FAMILY = "1,2";
			};
			name = Debug;
		};
		9C5FD7972AED8C5A00431842 /* Release */ = {
			isa = XCBuildConfiguration;
			buildSettings = {
				ASSETCATALOG_COMPILER_APPICON_NAME = AppIcon;
				ASSETCATALOG_COMPILER_GLOBAL_ACCENT_COLOR_NAME = AccentColor;
				CODE_SIGN_STYLE = Automatic;
				CURRENT_PROJECT_VERSION = 1;
				DEVELOPMENT_ASSET_PATHS = "\"DukeEventCalendar/Preview Content\"";
				ENABLE_PREVIEWS = YES;
				GENERATE_INFOPLIST_FILE = YES;
				INFOPLIST_KEY_NSCalendarsUsageDescription = "";
				INFOPLIST_KEY_UIApplicationSceneManifest_Generation = YES;
				INFOPLIST_KEY_UIApplicationSupportsIndirectInputEvents = YES;
				INFOPLIST_KEY_UILaunchScreen_Generation = YES;
				INFOPLIST_KEY_UISupportedInterfaceOrientations_iPad = "UIInterfaceOrientationPortrait UIInterfaceOrientationPortraitUpsideDown UIInterfaceOrientationLandscapeLeft UIInterfaceOrientationLandscapeRight";
				INFOPLIST_KEY_UISupportedInterfaceOrientations_iPhone = "UIInterfaceOrientationPortrait UIInterfaceOrientationLandscapeLeft UIInterfaceOrientationLandscapeRight";
				LD_RUNPATH_SEARCH_PATHS = (
					"$(inherited)",
					"@executable_path/Frameworks",
				);
				MARKETING_VERSION = 1.0;
				PRODUCT_BUNDLE_IDENTIFIER = edu.duke.newbee.DukeEventCalendar;
				PRODUCT_NAME = "$(TARGET_NAME)";
				SWIFT_EMIT_LOC_STRINGS = YES;
				SWIFT_VERSION = 5.0;
				TARGETED_DEVICE_FAMILY = "1,2";
			};
			name = Release;
		};
		9CAA0FC72AEEEC0F00BD1FEA /* Debug */ = {
			isa = XCBuildConfiguration;
			buildSettings = {
				BUNDLE_LOADER = "$(TEST_HOST)";
				CODE_SIGN_STYLE = Automatic;
				CURRENT_PROJECT_VERSION = 1;
				GENERATE_INFOPLIST_FILE = YES;
				MARKETING_VERSION = 1.0;
				PRODUCT_BUNDLE_IDENTIFIER = edu.duke.newbee.DukeEventCalendarTests;
				PRODUCT_NAME = "$(TARGET_NAME)";
				SWIFT_EMIT_LOC_STRINGS = NO;
				SWIFT_VERSION = 5.0;
				TARGETED_DEVICE_FAMILY = "1,2";
				TEST_HOST = "$(BUILT_PRODUCTS_DIR)/DukeEventCalendar.app/$(BUNDLE_EXECUTABLE_FOLDER_PATH)/DukeEventCalendar";
			};
			name = Debug;
		};
		9CAA0FC82AEEEC0F00BD1FEA /* Release */ = {
			isa = XCBuildConfiguration;
			buildSettings = {
				BUNDLE_LOADER = "$(TEST_HOST)";
				CODE_SIGN_STYLE = Automatic;
				CURRENT_PROJECT_VERSION = 1;
				GENERATE_INFOPLIST_FILE = YES;
				MARKETING_VERSION = 1.0;
				PRODUCT_BUNDLE_IDENTIFIER = edu.duke.newbee.DukeEventCalendarTests;
				PRODUCT_NAME = "$(TARGET_NAME)";
				SWIFT_EMIT_LOC_STRINGS = NO;
				SWIFT_VERSION = 5.0;
				TARGETED_DEVICE_FAMILY = "1,2";
				TEST_HOST = "$(BUILT_PRODUCTS_DIR)/DukeEventCalendar.app/$(BUNDLE_EXECUTABLE_FOLDER_PATH)/DukeEventCalendar";
			};
			name = Release;
		};
/* End XCBuildConfiguration section */

/* Begin XCConfigurationList section */
		9C5FD7822AED8C5800431842 /* Build configuration list for PBXProject "DukeEventCalendar" */ = {
			isa = XCConfigurationList;
			buildConfigurations = (
				9C5FD7932AED8C5A00431842 /* Debug */,
				9C5FD7942AED8C5A00431842 /* Release */,
			);
			defaultConfigurationIsVisible = 0;
			defaultConfigurationName = Release;
		};
		9C5FD7952AED8C5A00431842 /* Build configuration list for PBXNativeTarget "DukeEventCalendar" */ = {
			isa = XCConfigurationList;
			buildConfigurations = (
				9C5FD7962AED8C5A00431842 /* Debug */,
				9C5FD7972AED8C5A00431842 /* Release */,
			);
			defaultConfigurationIsVisible = 0;
			defaultConfigurationName = Release;
		};
		9CAA0FC62AEEEC0F00BD1FEA /* Build configuration list for PBXNativeTarget "DukeEventCalendarTests" */ = {
			isa = XCConfigurationList;
			buildConfigurations = (
				9CAA0FC72AEEEC0F00BD1FEA /* Debug */,
				9CAA0FC82AEEEC0F00BD1FEA /* Release */,
			);
			defaultConfigurationIsVisible = 0;
			defaultConfigurationName = Release;
		};
/* End XCConfigurationList section */

/* Begin XCRemoteSwiftPackageReference section */
		B61424EA2AFA659D0068D096 /* XCRemoteSwiftPackageReference "SwiftSoup" */ = {
			isa = XCRemoteSwiftPackageReference;
			repositoryURL = "https://github.com/scinfu/SwiftSoup";
			requirement = {
				kind = upToNextMajorVersion;
				minimumVersion = 2.6.1;
			};
		};
/* End XCRemoteSwiftPackageReference section */

/* Begin XCSwiftPackageProductDependency section */
		B61424EB2AFA659D0068D096 /* SwiftSoup */ = {
			isa = XCSwiftPackageProductDependency;
			package = B61424EA2AFA659D0068D096 /* XCRemoteSwiftPackageReference "SwiftSoup" */;
			productName = SwiftSoup;
		};
/* End XCSwiftPackageProductDependency section */
	};
	rootObject = 9C5FD77F2AED8C5800431842 /* Project object */;
}
